
Microsoft Visual Studio Solution File, Format Version 12.00
# Visual Studio Version 17
VisualStudioVersion = 17.3.32922.545
MinimumVisualStudioVersion = 10.0.40219.1
Project("{8BC9CEB8-8B4A-11D0-8D11-00A0C91BC942}") = "OperacionesMatricesRecursivas", "OperacionesMatricesRecursivas.vcxproj", "{8BCA6839-7318-4739-8E8E-63D1F51CEF9A}"
EndProject
Global
	GlobalSection(SolutionConfigurationPlatforms) = preSolution
		Debug|x64 = Debug|x64
		Debug|x86 = Debug|x86
		Release|x64 = Release|x64
		Release|x86 = Release|x86
	EndGlobalSection
	GlobalSection(ProjectConfigurationPlatforms) = postSolution
		{8BCA6839-7318-4739-8E8E-63D1F51CEF9A}.Debug|x64.ActiveCfg = Debug|x64
		{8BCA6839-7318-4739-8E8E-63D1F51CEF9A}.Debug|x64.Build.0 = Debug|x64
		{8BCA6839-7318-4739-8E8E-63D1F51CEF9A}.Debug|x86.ActiveCfg = Debug|Win32
		{8BCA6839-7318-4739-8E8E-63D1F51CEF9A}.Debug|x86.Build.0 = Debug|Win32
		{8BCA6839-7318-4739-8E8E-63D1F51CEF9A}.Release|x64.ActiveCfg = Release|x64
		{8BCA6839-7318-4739-8E8E-63D1F51CEF9A}.Release|x64.Build.0 = Release|x64
		{8BCA6839-7318-4739-8E8E-63D1F51CEF9A}.Release|x86.ActiveCfg = Release|Win32
		{8BCA6839-7318-4739-8E8E-63D1F51CEF9A}.Release|x86.Build.0 = Release|Win32
	EndGlobalSection
	GlobalSection(SolutionProperties) = preSolution
		HideSolutionNode = FALSE
	EndGlobalSection
	GlobalSection(ExtensibilityGlobals) = postSolution
		SolutionGuid = {6FB955B5-06AF-42ED-A2CA-C207B5ABB3DC}
	EndGlobalSection
EndGlobal
